
Microsoft Visual Studio Solution File, Format Version 12.00
# Visual Studio Version 17
VisualStudioVersion = 17.6.33723.286
MinimumVisualStudioVersion = 10.0.40219.1
Project("{FAE04EC0-301F-11D3-BF4B-00C04F79EFBC}") = "storeAPI", "storeAPI.csproj", "{19860746-8309-4C9D-9C7F-234E7EE7BFF1}"
EndProject
Global
	GlobalSection(SolutionConfigurationPlatforms) = preSolution
		Debug|Any CPU = Debug|Any CPU
		Release|Any CPU = Release|Any CPU
	EndGlobalSection
	GlobalSection(ProjectConfigurationPlatforms) = postSolution
		{19860746-8309-4C9D-9C7F-234E7EE7BFF1}.Debug|Any CPU.ActiveCfg = Debug|Any CPU
		{19860746-8309-4C9D-9C7F-234E7EE7BFF1}.Debug|Any CPU.Build.0 = Debug|Any CPU
		{19860746-8309-4C9D-9C7F-234E7EE7BFF1}.Release|Any CPU.ActiveCfg = Release|Any CPU
		{19860746-8309-4C9D-9C7F-234E7EE7BFF1}.Release|Any CPU.Build.0 = Release|Any CPU
	EndGlobalSection
	GlobalSection(SolutionProperties) = preSolution
		HideSolutionNode = FALSE
	EndGlobalSection
	GlobalSection(ExtensibilityGlobals) = postSolution
		SolutionGuid = {6EC73CCF-DA45-4D6F-AD53-B47CB8E9E370}
	EndGlobalSection
EndGlobal
